
Microsoft Visual Studio Solution File, Format Version 12.00
# Visual Studio Version 17
VisualStudioVersion = 17.10.35013.160
MinimumVisualStudioVersion = 10.0.40219.1
Project("{FAE04EC0-301F-11D3-BF4B-00C04F79EFBC}") = "Random_library", "Random_library.csproj", "{60D4AA28-DC94-4610-BE9B-1E645BA20BCB}"
EndProject
Global
	GlobalSection(SolutionConfigurationPlatforms) = preSolution
		Debug|Any CPU = Debug|Any CPU
		Release|Any CPU = Release|Any CPU
	EndGlobalSection
	GlobalSection(ProjectConfigurationPlatforms) = postSolution
		{60D4AA28-DC94-4610-BE9B-1E645BA20BCB}.Debug|Any CPU.ActiveCfg = Debug|Any CPU
		{60D4AA28-DC94-4610-BE9B-1E645BA20BCB}.Debug|Any CPU.Build.0 = Debug|Any CPU
		{60D4AA28-DC94-4610-BE9B-1E645BA20BCB}.Release|Any CPU.ActiveCfg = Release|Any CPU
		{60D4AA28-DC94-4610-BE9B-1E645BA20BCB}.Release|Any CPU.Build.0 = Release|Any CPU
	EndGlobalSection
	GlobalSection(SolutionProperties) = preSolution
		HideSolutionNode = FALSE
	EndGlobalSection
	GlobalSection(ExtensibilityGlobals) = postSolution
		SolutionGuid = {96114904-6CE4-4C7D-82A4-CFCFFCB4F869}
	EndGlobalSection
EndGlobal
