
Microsoft Visual Studio Solution File, Format Version 12.00
# Visual Studio Version 17
VisualStudioVersion = 17.10.35013.160
MinimumVisualStudioVersion = 10.0.40219.1
Project("{9A19103F-16F7-4668-BE54-9A1E7A4F7556}") = "Test_Random_library", "Test_Random_library.csproj", "{3769F94C-E8E0-480B-8DB0-0C318E2199CD}"
EndProject
Project("{9A19103F-16F7-4668-BE54-9A1E7A4F7556}") = "Random_library", "..\Random_library\Random_library.csproj", "{8ECADAD0-E841-4307-AD26-67696BF8DE4B}"
EndProject
Global
	GlobalSection(SolutionConfigurationPlatforms) = preSolution
		Debug|Any CPU = Debug|Any CPU
		Release|Any CPU = Release|Any CPU
	EndGlobalSection
	GlobalSection(ProjectConfigurationPlatforms) = postSolution
		{3769F94C-E8E0-480B-8DB0-0C318E2199CD}.Debug|Any CPU.ActiveCfg = Debug|Any CPU
		{3769F94C-E8E0-480B-8DB0-0C318E2199CD}.Debug|Any CPU.Build.0 = Debug|Any CPU
		{3769F94C-E8E0-480B-8DB0-0C318E2199CD}.Release|Any CPU.ActiveCfg = Release|Any CPU
		{3769F94C-E8E0-480B-8DB0-0C318E2199CD}.Release|Any CPU.Build.0 = Release|Any CPU
		{8ECADAD0-E841-4307-AD26-67696BF8DE4B}.Debug|Any CPU.ActiveCfg = Debug|Any CPU
		{8ECADAD0-E841-4307-AD26-67696BF8DE4B}.Debug|Any CPU.Build.0 = Debug|Any CPU
		{8ECADAD0-E841-4307-AD26-67696BF8DE4B}.Release|Any CPU.ActiveCfg = Release|Any CPU
		{8ECADAD0-E841-4307-AD26-67696BF8DE4B}.Release|Any CPU.Build.0 = Release|Any CPU
	EndGlobalSection
	GlobalSection(SolutionProperties) = preSolution
		HideSolutionNode = FALSE
	EndGlobalSection
	GlobalSection(ExtensibilityGlobals) = postSolution
		SolutionGuid = {9F3DF1EB-8193-4A1B-A521-E1F42F1DF57D}
	EndGlobalSection
EndGlobal
